
Microsoft Visual Studio Solution File, Format Version 12.00
# Visual Studio Version 16
VisualStudioVersion = 16.0.30225.117
MinimumVisualStudioVersion = 10.0.40219.1
Project("{FAE04EC0-301F-11D3-BF4B-00C04F79EFBC}") = "HelloApp", "HelloApp\HelloApp.csproj", "{FF4EA7BF-0E82-476B-A3C3-F32F110070C2}"
EndProject
Project("{FAE04EC0-301F-11D3-BF4B-00C04F79EFBC}") = "48_IntegeralTypes", "integralTypes\48_IntegeralTypes.csproj", "{216983C6-01FF-4BAB-B14C-DFA68D067993}"
EndProject
Project("{FAE04EC0-301F-11D3-BF4B-00C04F79EFBC}") = "69_BoxingUnBoxing", "BoxingUnBoxing\69_BoxingUnBoxing.csproj", "{DE0C05B3-A496-499B-BBE8-39292163EDA6}"
EndProject
Project("{2150E333-8FDC-42A3-9474-1A3956D46DE8}") = "CH03", "CH03", "{6B233ECC-3EC6-421B-A85B-8D334A9F586C}"
EndProject
Project("{FAE04EC0-301F-11D3-BF4B-00C04F79EFBC}") = "71_IntegralConversion", "IntegralConversion\71_IntegralConversion.csproj", "{5D68111D-55FD-4F03-AD84-61F7D8BCB772}"
EndProject
Project("{2150E333-8FDC-42A3-9474-1A3956D46DE8}") = "CH02", "CH02", "{055E5685-6A4F-47D5-B015-674780D9B917}"
EndProject
Project("{9A19103F-16F7-4668-BE54-9A1E7A4F7556}") = "77_StringNumberConverion", "StringNumberConverion\77_StringNumberConverion.csproj", "{04AAF071-A06A-4BB5-AB5D-50C48DF2A40A}"
EndProject
Project("{FAE04EC0-301F-11D3-BF4B-00C04F79EFBC}") = "83_Enum", "EnumApp\83_Enum.csproj", "{87FFABA6-A350-43A1-8B10-8ECAEE7170AE}"
EndProject
Project("{FAE04EC0-301F-11D3-BF4B-00C04F79EFBC}") = "87_Nullable", "Nullable\87_Nullable.csproj", "{68A135D9-F02A-482A-AA18-929603C9A263}"
EndProject
Project("{2150E333-8FDC-42A3-9474-1A3956D46DE8}") = "Appendix A", "Appendix A", "{1B2115C2-B91F-4A21-AB74-F6E773D09904}"
EndProject
Project("{FAE04EC0-301F-11D3-BF4B-00C04F79EFBC}") = "StringSearch", "StringSearch\StringSearch.csproj", "{3A97DBEE-4318-4201-9E4B-E2CA824E1FBF}"
EndProject
Project("{2150E333-8FDC-42A3-9474-1A3956D46DE8}") = "CH05", "CH05", "{207637AB-66F2-43A0-86EE-E89B8001154B}"
EndProject
Project("{FAE04EC0-301F-11D3-BF4B-00C04F79EFBC}") = "IfElseApp", "IfElseApp\IfElseApp.csproj", "{04650D2A-CAC5-4250-AC76-5F0C10E7D919}"
EndProject
Project("{FAE04EC0-301F-11D3-BF4B-00C04F79EFBC}") = "SwitchCaseApp", "SwitchCaseApp\SwitchCaseApp.csproj", "{9E2A6CF6-C9B3-45C9-AB22-B43AF6F10D5F}"
EndProject
Project("{FAE04EC0-301F-11D3-BF4B-00C04F79EFBC}") = "WhileApp", "WhileApp\WhileApp.csproj", "{D783056F-EE97-4524-8702-086A9EE6A54C}"
EndProject
Project("{FAE04EC0-301F-11D3-BF4B-00C04F79EFBC}") = "SwapByValue", "SwapByValue\SwapByValue.csproj", "{C4DD7A8A-131E-4391-81A9-7CAFE21A3C59}"
EndProject
Project("{FAE04EC0-301F-11D3-BF4B-00C04F79EFBC}") = "197_RefReturn", "RefReturn\197_RefReturn.csproj", "{8E3D4E60-FB9E-44B2-91FB-4860A7671CC9}"
EndProject
Project("{2150E333-8FDC-42A3-9474-1A3956D46DE8}") = "CH06", "CH06", "{D261CC4C-F0A3-441D-845D-760C242343D9}"
EndProject
Project("{FAE04EC0-301F-11D3-BF4B-00C04F79EFBC}") = "200_UsingOut", "UsingOut\200_UsingOut.csproj", "{AFC9C105-F367-4CDB-B923-B2EBF50516F8}"
EndProject
Project("{FAE04EC0-301F-11D3-BF4B-00C04F79EFBC}") = "203_Overloading", "Overloading\203_Overloading.csproj", "{C06F41AB-457B-42DF-AF94-97B707E52A9F}"
EndProject
Project("{FAE04EC0-301F-11D3-BF4B-00C04F79EFBC}") = "212_LocalFunction", "localFunction\212_LocalFunction.csproj", "{229484AF-A978-4595-AC1D-EAE3B958AEBF}"
EndProject
Project("{FAE04EC0-301F-11D3-BF4B-00C04F79EFBC}") = "Ex6_1", "Ex6_1\Ex6_1.csproj", "{3009A44E-86B3-4735-A670-0A1AB6A6D5DE}"
EndProject
Project("{FAE04EC0-301F-11D3-BF4B-00C04F79EFBC}") = "Ex6_2", "Ex6_2\Ex6_2.csproj", "{2843D6B0-A7A2-4147-A974-033A7EC21E9E}"
EndProject
Project("{FAE04EC0-301F-11D3-BF4B-00C04F79EFBC}") = "Ex6_3", "Ex6_3\Ex6_3.csproj", "{888C1959-F113-4C3A-A2E1-B86ED2EF76C6}"
EndProject
Project("{2150E333-8FDC-42A3-9474-1A3956D46DE8}") = "CH07", "CH07", "{11613461-C2A1-4DD8-801D-73C61C15735F}"
EndProject
Project("{FAE04EC0-301F-11D3-BF4B-00C04F79EFBC}") = "223_BasicClass", "BasicClass\223_BasicClass.csproj", "{571C37BC-974D-4EAF-B9DC-E8C52C2F8F4A}"
EndProject
Project("{FAE04EC0-301F-11D3-BF4B-00C04F79EFBC}") = "230_StaticField", "StaticField\230_StaticField.csproj", "{C46F3CE2-1BC1-4316-BC64-AE3362DCD904}"
EndProject
Project("{FAE04EC0-301F-11D3-BF4B-00C04F79EFBC}") = "235_DeepCopy", "DeepCopy\235_DeepCopy.csproj", "{7AD16796-DDB6-4526-AAB8-E40C69525F90}"
EndProject
Project("{FAE04EC0-301F-11D3-BF4B-00C04F79EFBC}") = "244_AccessModifier", "AccessModifier\244_AccessModifier.csproj", "{BB11625F-6B90-4691-A6F2-D223139F0D81}"
EndProject
Project("{FAE04EC0-301F-11D3-BF4B-00C04F79EFBC}") = "250_Inheritance", "Inheritance\250_Inheritance.csproj", "{44EA526A-F391-4181-958E-E3FA188E08B1}"
EndProject
Project("{FAE04EC0-301F-11D3-BF4B-00C04F79EFBC}") = "256_TypeCasting", "ClassTypeCasting\256_TypeCasting.csproj", "{B567413E-3A6D-477B-8CC8-CB2FC0819778}"
EndProject
Project("{FAE04EC0-301F-11D3-BF4B-00C04F79EFBC}") = "260_Overriding", "Overriding\260_Overriding.csproj", "{E84B6996-083C-4385-9063-0C79182E8C59}"
EndProject
Project("{FAE04EC0-301F-11D3-BF4B-00C04F79EFBC}") = "267_NestedClass", "NestedClass\267_NestedClass.csproj", "{DCC19212-22AC-4DA4-812B-95FC97798E85}"
EndProject
Project("{FAE04EC0-301F-11D3-BF4B-00C04F79EFBC}") = "273_ExtensionMethod", "MyExtension\273_ExtensionMethod.csproj", "{5A7263D9-F64B-4949-A29B-0024E559985A}"
EndProject
Project("{FAE04EC0-301F-11D3-BF4B-00C04F79EFBC}") = "277_Structure", "Structure\277_Structure.csproj", "{8223824F-1BED-48B9-84A9-812BED2E8F3D}"
EndProject
Project("{FAE04EC0-301F-11D3-BF4B-00C04F79EFBC}") = "281_Tuple", "Tuple\281_Tuple.csproj", "{DAB067CA-E727-417F-9004-ADC2E783E057}"
EndProject
Project("{2150E333-8FDC-42A3-9474-1A3956D46DE8}") = "CH08", "CH08", "{B3794374-75AB-4B05-8FEE-7E4DC327A9FF}"
EndProject
Project("{FAE04EC0-301F-11D3-BF4B-00C04F79EFBC}") = "291_Interface", "Interface\291_Interface.csproj", "{2A130CFA-B351-449E-8EF7-5A79E94A7DE3}"
EndProject
Project("{FAE04EC0-301F-11D3-BF4B-00C04F79EFBC}") = "298_MultiInterfaceInheritance", "298_MultiInterfaceInheritance\298_MultiInterfaceInheritance.csproj", "{6BABF7ED-F6ED-4A07-A63A-11313F960860}"
EndProject
Project("{FAE04EC0-301F-11D3-BF4B-00C04F79EFBC}") = "301_AbstractClass", "AbstractClass\301_AbstractClass.csproj", "{0D945AA5-07EC-4CF4-B8AB-E44BBA8C9331}"
EndProject
Project("{2150E333-8FDC-42A3-9474-1A3956D46DE8}") = "CH09", "CH09", "{B625087A-F3B5-4320-846B-F49B41494952}"
EndProject
Project("{FAE04EC0-301F-11D3-BF4B-00C04F79EFBC}") = "310_Property", "310_Property\310_Property.csproj", "{481743E6-9E5E-49DD-8C98-DA050FD2D3FB}"
EndProject
Project("{FAE04EC0-301F-11D3-BF4B-00C04F79EFBC}") = "321_PropertiesInInterface", "321_PropertiesInInterface\321_PropertiesInInterface.csproj", "{C8BB29C6-5692-4699-A864-2BA509BC2D45}"
EndProject
Project("{2150E333-8FDC-42A3-9474-1A3956D46DE8}") = "CH10", "CH10", "{708C3EAC-F2B8-4322-9D61-62C2C3638E2E}"
EndProject
Project("{FAE04EC0-301F-11D3-BF4B-00C04F79EFBC}") = "351_UsingList", "333_Array\351_UsingList.csproj", "{E046BF04-CDF5-4EC2-B37F-405681AC0D60}"
EndProject
Project("{FAE04EC0-301F-11D3-BF4B-00C04F79EFBC}") = "357_UsingHashtable", "357_UsingHashtable\357_UsingHashtable.csproj", "{EFAA4699-CAE5-42A3-A961-DBA018D6730F}"
EndProject
Project("{FAE04EC0-301F-11D3-BF4B-00C04F79EFBC}") = "362_Indexer", "362_Indexer\362_Indexer.csproj", "{5DB51012-1E09-4853-8F92-AD2EAADB1369}"
EndProject
Project("{FAE04EC0-301F-11D3-BF4B-00C04F79EFBC}") = "365_Yield", "365_Yield\365_Yield.csproj", "{0014DD66-FEC9-47ED-AE39-B47E3A69C710}"
EndProject
Project("{FAE04EC0-301F-11D3-BF4B-00C04F79EFBC}") = "366_Enumerable", "366_Enumerable\366_Enumerable.csproj", "{3DAFBA93-6FFB-4DF1-8C43-DC892F92BD7D}"
EndProject
Project("{2150E333-8FDC-42A3-9474-1A3956D46DE8}") = "CH11", "CH11", "{DABCEFC2-01EC-40C9-A1CB-9347B69255E0}"
EndProject
Project("{FAE04EC0-301F-11D3-BF4B-00C04F79EFBC}") = "376_CopyingArray", "CopyingArray\376_CopyingArray.csproj", "{B0B5D2AF-E963-4DE4-9F82-1B2F9B920CEE}"
EndProject
Project("{FAE04EC0-301F-11D3-BF4B-00C04F79EFBC}") = "379_Generic", "379_Generic\379_Generic.csproj", "{DD0C4DE5-177D-47A1-A588-EC809E4FBF96}"
EndProject
Project("{FAE04EC0-301F-11D3-BF4B-00C04F79EFBC}") = "384_ConstraintsOnTypeParameters", "ConstraintsOnTypeParameters\384_ConstraintsOnTypeParameters.csproj", "{576FBE8C-C14C-49B8-B3B6-0EA11014DCC5}"
EndProject
Project("{FAE04EC0-301F-11D3-BF4B-00C04F79EFBC}") = "388_UsingGenericList", "388_UsingGenericList\388_UsingGenericList.csproj", "{9EEFD069-713F-4B17-A968-BDBA4DB6388C}"
EndProject
Project("{FAE04EC0-301F-11D3-BF4B-00C04F79EFBC}") = "393_EnumerableGeneric", "393_EnumerableGeneric\393_EnumerableGeneric.csproj", "{2CF2BBBE-33B0-4F30-A432-07C4197E5052}"
EndProject
Project("{2150E333-8FDC-42A3-9474-1A3956D46DE8}") = "CH12", "CH12", "{AACFD3EA-4C1C-44A9-B77E-C4958704653F}"
EndProject
Project("{FAE04EC0-301F-11D3-BF4B-00C04F79EFBC}") = "407_Throw", "407_Throw\407_Throw.csproj", "{27DDC4E7-C05F-49B0-9BD6-06740B8A7D43}"
EndProject
Project("{FAE04EC0-301F-11D3-BF4B-00C04F79EFBC}") = "415_MyException", "415_MyException\415_MyException.csproj", "{853C078C-B0ED-43D6-B026-0360509A2A37}"
EndProject
Project("{2150E333-8FDC-42A3-9474-1A3956D46DE8}") = "CH13", "CH13", "{7F387F30-1C18-4DAE-88E6-8AA1C0C5762F}"
EndProject
Project("{FAE04EC0-301F-11D3-BF4B-00C04F79EFBC}") = "432_UsingCallback", "432_UsingCallback\432_UsingCallback.csproj", "{A991CDD1-57F7-4610-B8CD-130DCEC9F0C3}"
EndProject
Project("{FAE04EC0-301F-11D3-BF4B-00C04F79EFBC}") = "429_Delegate", "429_Delegate\429_Delegate.csproj", "{950441A3-B639-4EA0-AAD7-D4E061E5A56A}"
EndProject
Project("{FAE04EC0-301F-11D3-BF4B-00C04F79EFBC}") = "440_DelegateChains", "440_DelegateChains\440_DelegateChains.csproj", "{7BA5276C-69E5-4F48-B376-5A52A5F42A4D}"
EndProject
Project("{FAE04EC0-301F-11D3-BF4B-00C04F79EFBC}") = "444_AnonymousMethod", "444_AnonymousMethod\444_AnonymousMethod.csproj", "{1F72ECCB-CC97-4BC9-82BF-472BFE1EC7AA}"
EndProject
Project("{FAE04EC0-301F-11D3-BF4B-00C04F79EFBC}") = "449_EventTest", "449_EventTest\449_EventTest.csproj", "{F665F563-C5FA-45C0-BC14-CDE6864237BC}"
EndProject
Project("{2150E333-8FDC-42A3-9474-1A3956D46DE8}") = "CH14", "CH14", "{06CE2FF6-27DA-429B-970E-732BF173D180}"
EndProject
Project("{FAE04EC0-301F-11D3-BF4B-00C04F79EFBC}") = "459_SimpleLambda", "459_SimpleLambda\459_SimpleLambda.csproj", "{D2E14856-E1AC-4590-8DBB-9C795941AE2E}"
EndProject
Project("{FAE04EC0-301F-11D3-BF4B-00C04F79EFBC}") = "464_FuncTest", "FuncTest\464_FuncTest.csproj", "{541123E2-235A-437E-8B13-6A934C2C7862}"
EndProject
Project("{FAE04EC0-301F-11D3-BF4B-00C04F79EFBC}") = "476_ExpressionBodiedMember", "476_ExpressionBodiedMember\476_ExpressionBodiedMember.csproj", "{82B9F0C0-8E74-41E5-9E5B-9D52DDE24232}"
EndProject
Project("{2150E333-8FDC-42A3-9474-1A3956D46DE8}") = "CH15", "CH15", "{BC3118BD-364A-43A1-863E-BAD95EBC3C9D}"
EndProject
Project("{FAE04EC0-301F-11D3-BF4B-00C04F79EFBC}") = "484_From", "484_From\484_From.csproj", "{551479C3-2E96-4908-8010-7FC3BE33805E}"
EndProject
Project("{FAE04EC0-301F-11D3-BF4B-00C04F79EFBC}") = "488_SimpleLinq", "488_SimpleLinq\488_SimpleLinq.csproj", "{CD6FED07-49E7-4A60-B9F9-7A40176E408B}"
EndProject
Project("{FAE04EC0-301F-11D3-BF4B-00C04F79EFBC}") = "491_FromFrom", "491_FromFrom\491_FromFrom.csproj", "{9C1D4B1C-C981-4083-811F-45D3C6C7EA38}"
EndProject
Project("{2150E333-8FDC-42A3-9474-1A3956D46DE8}") = "CH19", "CH19", "{7A347C00-A39C-42C2-90F1-DFEEEEFF3D3C}"
EndProject
Project("{FAE04EC0-301F-11D3-BF4B-00C04F79EFBC}") = "611_BasicThread", "611_BasicThread\611_BasicThread.csproj", "{71771FBD-E302-4C4A-9EDF-E6EC6B0D695D}"
EndProject
Project("{FAE04EC0-301F-11D3-BF4B-00C04F79EFBC}") = "615_AbortingThread", "615_AbortingThread\615_AbortingThread.csproj", "{38BBAA92-F6D5-4D01-A9BF-A21DA130820E}"
EndProject
Project("{FAE04EC0-301F-11D3-BF4B-00C04F79EFBC}") = "625_InterruptingThread", "625_InterruptingThread\625_InterruptingThread.csproj", "{EA040B63-B342-421D-97B9-9D2E302B7028}"
EndProject
Project("{FAE04EC0-301F-11D3-BF4B-00C04F79EFBC}") = "631_Synchronize", "631_Synchronize\631_Synchronize.csproj", "{9A2B66FE-4932-4C6C-A5FA-E7DE9BF3B28A}"
EndProject
Global
	GlobalSection(SolutionConfigurationPlatforms) = preSolution
		Debug|Any CPU = Debug|Any CPU
		Release|Any CPU = Release|Any CPU
	EndGlobalSection
	GlobalSection(ProjectConfigurationPlatforms) = postSolution
		{FF4EA7BF-0E82-476B-A3C3-F32F110070C2}.Debug|Any CPU.ActiveCfg = Debug|Any CPU
		{FF4EA7BF-0E82-476B-A3C3-F32F110070C2}.Debug|Any CPU.Build.0 = Debug|Any CPU
		{FF4EA7BF-0E82-476B-A3C3-F32F110070C2}.Release|Any CPU.ActiveCfg = Release|Any CPU
		{FF4EA7BF-0E82-476B-A3C3-F32F110070C2}.Release|Any CPU.Build.0 = Release|Any CPU
		{216983C6-01FF-4BAB-B14C-DFA68D067993}.Debug|Any CPU.ActiveCfg = Debug|Any CPU
		{216983C6-01FF-4BAB-B14C-DFA68D067993}.Debug|Any CPU.Build.0 = Debug|Any CPU
		{216983C6-01FF-4BAB-B14C-DFA68D067993}.Release|Any CPU.ActiveCfg = Release|Any CPU
		{216983C6-01FF-4BAB-B14C-DFA68D067993}.Release|Any CPU.Build.0 = Release|Any CPU
		{DE0C05B3-A496-499B-BBE8-39292163EDA6}.Debug|Any CPU.ActiveCfg = Debug|Any CPU
		{DE0C05B3-A496-499B-BBE8-39292163EDA6}.Debug|Any CPU.Build.0 = Debug|Any CPU
		{DE0C05B3-A496-499B-BBE8-39292163EDA6}.Release|Any CPU.ActiveCfg = Release|Any CPU
		{DE0C05B3-A496-499B-BBE8-39292163EDA6}.Release|Any CPU.Build.0 = Release|Any CPU
		{5D68111D-55FD-4F03-AD84-61F7D8BCB772}.Debug|Any CPU.ActiveCfg = Debug|Any CPU
		{5D68111D-55FD-4F03-AD84-61F7D8BCB772}.Debug|Any CPU.Build.0 = Debug|Any CPU
		{5D68111D-55FD-4F03-AD84-61F7D8BCB772}.Release|Any CPU.ActiveCfg = Release|Any CPU
		{5D68111D-55FD-4F03-AD84-61F7D8BCB772}.Release|Any CPU.Build.0 = Release|Any CPU
		{04AAF071-A06A-4BB5-AB5D-50C48DF2A40A}.Debug|Any CPU.ActiveCfg = Debug|Any CPU
		{04AAF071-A06A-4BB5-AB5D-50C48DF2A40A}.Debug|Any CPU.Build.0 = Debug|Any CPU
		{04AAF071-A06A-4BB5-AB5D-50C48DF2A40A}.Release|Any CPU.ActiveCfg = Release|Any CPU
		{04AAF071-A06A-4BB5-AB5D-50C48DF2A40A}.Release|Any CPU.Build.0 = Release|Any CPU
		{87FFABA6-A350-43A1-8B10-8ECAEE7170AE}.Debug|Any CPU.ActiveCfg = Debug|Any CPU
		{87FFABA6-A350-43A1-8B10-8ECAEE7170AE}.Debug|Any CPU.Build.0 = Debug|Any CPU
		{87FFABA6-A350-43A1-8B10-8ECAEE7170AE}.Release|Any CPU.ActiveCfg = Release|Any CPU
		{87FFABA6-A350-43A1-8B10-8ECAEE7170AE}.Release|Any CPU.Build.0 = Release|Any CPU
		{68A135D9-F02A-482A-AA18-929603C9A263}.Debug|Any CPU.ActiveCfg = Debug|Any CPU
		{68A135D9-F02A-482A-AA18-929603C9A263}.Debug|Any CPU.Build.0 = Debug|Any CPU
		{68A135D9-F02A-482A-AA18-929603C9A263}.Release|Any CPU.ActiveCfg = Release|Any CPU
		{68A135D9-F02A-482A-AA18-929603C9A263}.Release|Any CPU.Build.0 = Release|Any CPU
		{3A97DBEE-4318-4201-9E4B-E2CA824E1FBF}.Debug|Any CPU.ActiveCfg = Debug|Any CPU
		{3A97DBEE-4318-4201-9E4B-E2CA824E1FBF}.Debug|Any CPU.Build.0 = Debug|Any CPU
		{3A97DBEE-4318-4201-9E4B-E2CA824E1FBF}.Release|Any CPU.ActiveCfg = Release|Any CPU
		{3A97DBEE-4318-4201-9E4B-E2CA824E1FBF}.Release|Any CPU.Build.0 = Release|Any CPU
		{04650D2A-CAC5-4250-AC76-5F0C10E7D919}.Debug|Any CPU.ActiveCfg = Debug|Any CPU
		{04650D2A-CAC5-4250-AC76-5F0C10E7D919}.Debug|Any CPU.Build.0 = Debug|Any CPU
		{04650D2A-CAC5-4250-AC76-5F0C10E7D919}.Release|Any CPU.ActiveCfg = Release|Any CPU
		{04650D2A-CAC5-4250-AC76-5F0C10E7D919}.Release|Any CPU.Build.0 = Release|Any CPU
		{9E2A6CF6-C9B3-45C9-AB22-B43AF6F10D5F}.Debug|Any CPU.ActiveCfg = Debug|Any CPU
		{9E2A6CF6-C9B3-45C9-AB22-B43AF6F10D5F}.Debug|Any CPU.Build.0 = Debug|Any CPU
		{9E2A6CF6-C9B3-45C9-AB22-B43AF6F10D5F}.Release|Any CPU.ActiveCfg = Release|Any CPU
		{9E2A6CF6-C9B3-45C9-AB22-B43AF6F10D5F}.Release|Any CPU.Build.0 = Release|Any CPU
		{D783056F-EE97-4524-8702-086A9EE6A54C}.Debug|Any CPU.ActiveCfg = Debug|Any CPU
		{D783056F-EE97-4524-8702-086A9EE6A54C}.Debug|Any CPU.Build.0 = Debug|Any CPU
		{D783056F-EE97-4524-8702-086A9EE6A54C}.Release|Any CPU.ActiveCfg = Release|Any CPU
		{D783056F-EE97-4524-8702-086A9EE6A54C}.Release|Any CPU.Build.0 = Release|Any CPU
		{C4DD7A8A-131E-4391-81A9-7CAFE21A3C59}.Debug|Any CPU.ActiveCfg = Debug|Any CPU
		{C4DD7A8A-131E-4391-81A9-7CAFE21A3C59}.Debug|Any CPU.Build.0 = Debug|Any CPU
		{C4DD7A8A-131E-4391-81A9-7CAFE21A3C59}.Release|Any CPU.ActiveCfg = Release|Any CPU
		{C4DD7A8A-131E-4391-81A9-7CAFE21A3C59}.Release|Any CPU.Build.0 = Release|Any CPU
		{8E3D4E60-FB9E-44B2-91FB-4860A7671CC9}.Debug|Any CPU.ActiveCfg = Debug|Any CPU
		{8E3D4E60-FB9E-44B2-91FB-4860A7671CC9}.Debug|Any CPU.Build.0 = Debug|Any CPU
		{8E3D4E60-FB9E-44B2-91FB-4860A7671CC9}.Release|Any CPU.ActiveCfg = Release|Any CPU
		{8E3D4E60-FB9E-44B2-91FB-4860A7671CC9}.Release|Any CPU.Build.0 = Release|Any CPU
		{AFC9C105-F367-4CDB-B923-B2EBF50516F8}.Debug|Any CPU.ActiveCfg = Debug|Any CPU
		{AFC9C105-F367-4CDB-B923-B2EBF50516F8}.Debug|Any CPU.Build.0 = Debug|Any CPU
		{AFC9C105-F367-4CDB-B923-B2EBF50516F8}.Release|Any CPU.ActiveCfg = Release|Any CPU
		{AFC9C105-F367-4CDB-B923-B2EBF50516F8}.Release|Any CPU.Build.0 = Release|Any CPU
		{C06F41AB-457B-42DF-AF94-97B707E52A9F}.Debug|Any CPU.ActiveCfg = Debug|Any CPU
		{C06F41AB-457B-42DF-AF94-97B707E52A9F}.Debug|Any CPU.Build.0 = Debug|Any CPU
		{C06F41AB-457B-42DF-AF94-97B707E52A9F}.Release|Any CPU.ActiveCfg = Release|Any CPU
		{C06F41AB-457B-42DF-AF94-97B707E52A9F}.Release|Any CPU.Build.0 = Release|Any CPU
		{229484AF-A978-4595-AC1D-EAE3B958AEBF}.Debug|Any CPU.ActiveCfg = Debug|Any CPU
		{229484AF-A978-4595-AC1D-EAE3B958AEBF}.Debug|Any CPU.Build.0 = Debug|Any CPU
		{229484AF-A978-4595-AC1D-EAE3B958AEBF}.Release|Any CPU.ActiveCfg = Release|Any CPU
		{229484AF-A978-4595-AC1D-EAE3B958AEBF}.Release|Any CPU.Build.0 = Release|Any CPU
		{3009A44E-86B3-4735-A670-0A1AB6A6D5DE}.Debug|Any CPU.ActiveCfg = Debug|Any CPU
		{3009A44E-86B3-4735-A670-0A1AB6A6D5DE}.Debug|Any CPU.Build.0 = Debug|Any CPU
		{3009A44E-86B3-4735-A670-0A1AB6A6D5DE}.Release|Any CPU.ActiveCfg = Release|Any CPU
		{3009A44E-86B3-4735-A670-0A1AB6A6D5DE}.Release|Any CPU.Build.0 = Release|Any CPU
		{2843D6B0-A7A2-4147-A974-033A7EC21E9E}.Debug|Any CPU.ActiveCfg = Debug|Any CPU
		{2843D6B0-A7A2-4147-A974-033A7EC21E9E}.Debug|Any CPU.Build.0 = Debug|Any CPU
		{2843D6B0-A7A2-4147-A974-033A7EC21E9E}.Release|Any CPU.ActiveCfg = Release|Any CPU
		{2843D6B0-A7A2-4147-A974-033A7EC21E9E}.Release|Any CPU.Build.0 = Release|Any CPU
		{888C1959-F113-4C3A-A2E1-B86ED2EF76C6}.Debug|Any CPU.ActiveCfg = Debug|Any CPU
		{888C1959-F113-4C3A-A2E1-B86ED2EF76C6}.Debug|Any CPU.Build.0 = Debug|Any CPU
		{888C1959-F113-4C3A-A2E1-B86ED2EF76C6}.Release|Any CPU.ActiveCfg = Release|Any CPU
		{888C1959-F113-4C3A-A2E1-B86ED2EF76C6}.Release|Any CPU.Build.0 = Release|Any CPU
		{571C37BC-974D-4EAF-B9DC-E8C52C2F8F4A}.Debug|Any CPU.ActiveCfg = Debug|Any CPU
		{571C37BC-974D-4EAF-B9DC-E8C52C2F8F4A}.Debug|Any CPU.Build.0 = Debug|Any CPU
		{571C37BC-974D-4EAF-B9DC-E8C52C2F8F4A}.Release|Any CPU.ActiveCfg = Release|Any CPU
		{571C37BC-974D-4EAF-B9DC-E8C52C2F8F4A}.Release|Any CPU.Build.0 = Release|Any CPU
		{C46F3CE2-1BC1-4316-BC64-AE3362DCD904}.Debug|Any CPU.ActiveCfg = Debug|Any CPU
		{C46F3CE2-1BC1-4316-BC64-AE3362DCD904}.Debug|Any CPU.Build.0 = Debug|Any CPU
		{C46F3CE2-1BC1-4316-BC64-AE3362DCD904}.Release|Any CPU.ActiveCfg = Release|Any CPU
		{C46F3CE2-1BC1-4316-BC64-AE3362DCD904}.Release|Any CPU.Build.0 = Release|Any CPU
		{7AD16796-DDB6-4526-AAB8-E40C69525F90}.Debug|Any CPU.ActiveCfg = Debug|Any CPU
		{7AD16796-DDB6-4526-AAB8-E40C69525F90}.Debug|Any CPU.Build.0 = Debug|Any CPU
		{7AD16796-DDB6-4526-AAB8-E40C69525F90}.Release|Any CPU.ActiveCfg = Release|Any CPU
		{7AD16796-DDB6-4526-AAB8-E40C69525F90}.Release|Any CPU.Build.0 = Release|Any CPU
		{BB11625F-6B90-4691-A6F2-D223139F0D81}.Debug|Any CPU.ActiveCfg = Debug|Any CPU
		{BB11625F-6B90-4691-A6F2-D223139F0D81}.Debug|Any CPU.Build.0 = Debug|Any CPU
		{BB11625F-6B90-4691-A6F2-D223139F0D81}.Release|Any CPU.ActiveCfg = Release|Any CPU
		{BB11625F-6B90-4691-A6F2-D223139F0D81}.Release|Any CPU.Build.0 = Release|Any CPU
		{44EA526A-F391-4181-958E-E3FA188E08B1}.Debug|Any CPU.ActiveCfg = Debug|Any CPU
		{44EA526A-F391-4181-958E-E3FA188E08B1}.Debug|Any CPU.Build.0 = Debug|Any CPU
		{44EA526A-F391-4181-958E-E3FA188E08B1}.Release|Any CPU.ActiveCfg = Release|Any CPU
		{44EA526A-F391-4181-958E-E3FA188E08B1}.Release|Any CPU.Build.0 = Release|Any CPU
		{B567413E-3A6D-477B-8CC8-CB2FC0819778}.Debug|Any CPU.ActiveCfg = Debug|Any CPU
		{B567413E-3A6D-477B-8CC8-CB2FC0819778}.Debug|Any CPU.Build.0 = Debug|Any CPU
		{B567413E-3A6D-477B-8CC8-CB2FC0819778}.Release|Any CPU.ActiveCfg = Release|Any CPU
		{B567413E-3A6D-477B-8CC8-CB2FC0819778}.Release|Any CPU.Build.0 = Release|Any CPU
		{E84B6996-083C-4385-9063-0C79182E8C59}.Debug|Any CPU.ActiveCfg = Debug|Any CPU
		{E84B6996-083C-4385-9063-0C79182E8C59}.Debug|Any CPU.Build.0 = Debug|Any CPU
		{E84B6996-083C-4385-9063-0C79182E8C59}.Release|Any CPU.ActiveCfg = Release|Any CPU
		{E84B6996-083C-4385-9063-0C79182E8C59}.Release|Any CPU.Build.0 = Release|Any CPU
		{DCC19212-22AC-4DA4-812B-95FC97798E85}.Debug|Any CPU.ActiveCfg = Debug|Any CPU
		{DCC19212-22AC-4DA4-812B-95FC97798E85}.Debug|Any CPU.Build.0 = Debug|Any CPU
		{DCC19212-22AC-4DA4-812B-95FC97798E85}.Release|Any CPU.ActiveCfg = Release|Any CPU
		{DCC19212-22AC-4DA4-812B-95FC97798E85}.Release|Any CPU.Build.0 = Release|Any CPU
		{5A7263D9-F64B-4949-A29B-0024E559985A}.Debug|Any CPU.ActiveCfg = Debug|Any CPU
		{5A7263D9-F64B-4949-A29B-0024E559985A}.Debug|Any CPU.Build.0 = Debug|Any CPU
		{5A7263D9-F64B-4949-A29B-0024E559985A}.Release|Any CPU.ActiveCfg = Release|Any CPU
		{5A7263D9-F64B-4949-A29B-0024E559985A}.Release|Any CPU.Build.0 = Release|Any CPU
		{8223824F-1BED-48B9-84A9-812BED2E8F3D}.Debug|Any CPU.ActiveCfg = Debug|Any CPU
		{8223824F-1BED-48B9-84A9-812BED2E8F3D}.Debug|Any CPU.Build.0 = Debug|Any CPU
		{8223824F-1BED-48B9-84A9-812BED2E8F3D}.Release|Any CPU.ActiveCfg = Release|Any CPU
		{8223824F-1BED-48B9-84A9-812BED2E8F3D}.Release|Any CPU.Build.0 = Release|Any CPU
		{DAB067CA-E727-417F-9004-ADC2E783E057}.Debug|Any CPU.ActiveCfg = Debug|Any CPU
		{DAB067CA-E727-417F-9004-ADC2E783E057}.Debug|Any CPU.Build.0 = Debug|Any CPU
		{DAB067CA-E727-417F-9004-ADC2E783E057}.Release|Any CPU.ActiveCfg = Release|Any CPU
		{DAB067CA-E727-417F-9004-ADC2E783E057}.Release|Any CPU.Build.0 = Release|Any CPU
		{2A130CFA-B351-449E-8EF7-5A79E94A7DE3}.Debug|Any CPU.ActiveCfg = Debug|Any CPU
		{2A130CFA-B351-449E-8EF7-5A79E94A7DE3}.Debug|Any CPU.Build.0 = Debug|Any CPU
		{2A130CFA-B351-449E-8EF7-5A79E94A7DE3}.Release|Any CPU.ActiveCfg = Release|Any CPU
		{2A130CFA-B351-449E-8EF7-5A79E94A7DE3}.Release|Any CPU.Build.0 = Release|Any CPU
		{6BABF7ED-F6ED-4A07-A63A-11313F960860}.Debug|Any CPU.ActiveCfg = Debug|Any CPU
		{6BABF7ED-F6ED-4A07-A63A-11313F960860}.Debug|Any CPU.Build.0 = Debug|Any CPU
		{6BABF7ED-F6ED-4A07-A63A-11313F960860}.Release|Any CPU.ActiveCfg = Release|Any CPU
		{6BABF7ED-F6ED-4A07-A63A-11313F960860}.Release|Any CPU.Build.0 = Release|Any CPU
		{0D945AA5-07EC-4CF4-B8AB-E44BBA8C9331}.Debug|Any CPU.ActiveCfg = Debug|Any CPU
		{0D945AA5-07EC-4CF4-B8AB-E44BBA8C9331}.Debug|Any CPU.Build.0 = Debug|Any CPU
		{0D945AA5-07EC-4CF4-B8AB-E44BBA8C9331}.Release|Any CPU.ActiveCfg = Release|Any CPU
		{0D945AA5-07EC-4CF4-B8AB-E44BBA8C9331}.Release|Any CPU.Build.0 = Release|Any CPU
		{481743E6-9E5E-49DD-8C98-DA050FD2D3FB}.Debug|Any CPU.ActiveCfg = Debug|Any CPU
		{481743E6-9E5E-49DD-8C98-DA050FD2D3FB}.Debug|Any CPU.Build.0 = Debug|Any CPU
		{481743E6-9E5E-49DD-8C98-DA050FD2D3FB}.Release|Any CPU.ActiveCfg = Release|Any CPU
		{481743E6-9E5E-49DD-8C98-DA050FD2D3FB}.Release|Any CPU.Build.0 = Release|Any CPU
		{C8BB29C6-5692-4699-A864-2BA509BC2D45}.Debug|Any CPU.ActiveCfg = Debug|Any CPU
		{C8BB29C6-5692-4699-A864-2BA509BC2D45}.Debug|Any CPU.Build.0 = Debug|Any CPU
		{C8BB29C6-5692-4699-A864-2BA509BC2D45}.Release|Any CPU.ActiveCfg = Release|Any CPU
		{C8BB29C6-5692-4699-A864-2BA509BC2D45}.Release|Any CPU.Build.0 = Release|Any CPU
		{E046BF04-CDF5-4EC2-B37F-405681AC0D60}.Debug|Any CPU.ActiveCfg = Debug|Any CPU
		{E046BF04-CDF5-4EC2-B37F-405681AC0D60}.Debug|Any CPU.Build.0 = Debug|Any CPU
		{E046BF04-CDF5-4EC2-B37F-405681AC0D60}.Release|Any CPU.ActiveCfg = Release|Any CPU
		{E046BF04-CDF5-4EC2-B37F-405681AC0D60}.Release|Any CPU.Build.0 = Release|Any CPU
		{EFAA4699-CAE5-42A3-A961-DBA018D6730F}.Debug|Any CPU.ActiveCfg = Debug|Any CPU
		{EFAA4699-CAE5-42A3-A961-DBA018D6730F}.Debug|Any CPU.Build.0 = Debug|Any CPU
		{EFAA4699-CAE5-42A3-A961-DBA018D6730F}.Release|Any CPU.ActiveCfg = Release|Any CPU
		{EFAA4699-CAE5-42A3-A961-DBA018D6730F}.Release|Any CPU.Build.0 = Release|Any CPU
		{5DB51012-1E09-4853-8F92-AD2EAADB1369}.Debug|Any CPU.ActiveCfg = Debug|Any CPU
		{5DB51012-1E09-4853-8F92-AD2EAADB1369}.Debug|Any CPU.Build.0 = Debug|Any CPU
		{5DB51012-1E09-4853-8F92-AD2EAADB1369}.Release|Any CPU.ActiveCfg = Release|Any CPU
		{5DB51012-1E09-4853-8F92-AD2EAADB1369}.Release|Any CPU.Build.0 = Release|Any CPU
		{0014DD66-FEC9-47ED-AE39-B47E3A69C710}.Debug|Any CPU.ActiveCfg = Debug|Any CPU
		{0014DD66-FEC9-47ED-AE39-B47E3A69C710}.Debug|Any CPU.Build.0 = Debug|Any CPU
		{0014DD66-FEC9-47ED-AE39-B47E3A69C710}.Release|Any CPU.ActiveCfg = Release|Any CPU
		{0014DD66-FEC9-47ED-AE39-B47E3A69C710}.Release|Any CPU.Build.0 = Release|Any CPU
		{3DAFBA93-6FFB-4DF1-8C43-DC892F92BD7D}.Debug|Any CPU.ActiveCfg = Debug|Any CPU
		{3DAFBA93-6FFB-4DF1-8C43-DC892F92BD7D}.Debug|Any CPU.Build.0 = Debug|Any CPU
		{3DAFBA93-6FFB-4DF1-8C43-DC892F92BD7D}.Release|Any CPU.ActiveCfg = Release|Any CPU
		{3DAFBA93-6FFB-4DF1-8C43-DC892F92BD7D}.Release|Any CPU.Build.0 = Release|Any CPU
		{B0B5D2AF-E963-4DE4-9F82-1B2F9B920CEE}.Debug|Any CPU.ActiveCfg = Debug|Any CPU
		{B0B5D2AF-E963-4DE4-9F82-1B2F9B920CEE}.Debug|Any CPU.Build.0 = Debug|Any CPU
		{B0B5D2AF-E963-4DE4-9F82-1B2F9B920CEE}.Release|Any CPU.ActiveCfg = Release|Any CPU
		{B0B5D2AF-E963-4DE4-9F82-1B2F9B920CEE}.Release|Any CPU.Build.0 = Release|Any CPU
		{DD0C4DE5-177D-47A1-A588-EC809E4FBF96}.Debug|Any CPU.ActiveCfg = Debug|Any CPU
		{DD0C4DE5-177D-47A1-A588-EC809E4FBF96}.Debug|Any CPU.Build.0 = Debug|Any CPU
		{DD0C4DE5-177D-47A1-A588-EC809E4FBF96}.Release|Any CPU.ActiveCfg = Release|Any CPU
		{DD0C4DE5-177D-47A1-A588-EC809E4FBF96}.Release|Any CPU.Build.0 = Release|Any CPU
		{576FBE8C-C14C-49B8-B3B6-0EA11014DCC5}.Debug|Any CPU.ActiveCfg = Debug|Any CPU
		{576FBE8C-C14C-49B8-B3B6-0EA11014DCC5}.Debug|Any CPU.Build.0 = Debug|Any CPU
		{576FBE8C-C14C-49B8-B3B6-0EA11014DCC5}.Release|Any CPU.ActiveCfg = Release|Any CPU
		{576FBE8C-C14C-49B8-B3B6-0EA11014DCC5}.Release|Any CPU.Build.0 = Release|Any CPU
		{9EEFD069-713F-4B17-A968-BDBA4DB6388C}.Debug|Any CPU.ActiveCfg = Debug|Any CPU
		{9EEFD069-713F-4B17-A968-BDBA4DB6388C}.Debug|Any CPU.Build.0 = Debug|Any CPU
		{9EEFD069-713F-4B17-A968-BDBA4DB6388C}.Release|Any CPU.ActiveCfg = Release|Any CPU
		{9EEFD069-713F-4B17-A968-BDBA4DB6388C}.Release|Any CPU.Build.0 = Release|Any CPU
		{2CF2BBBE-33B0-4F30-A432-07C4197E5052}.Debug|Any CPU.ActiveCfg = Debug|Any CPU
		{2CF2BBBE-33B0-4F30-A432-07C4197E5052}.Debug|Any CPU.Build.0 = Debug|Any CPU
		{2CF2BBBE-33B0-4F30-A432-07C4197E5052}.Release|Any CPU.ActiveCfg = Release|Any CPU
		{2CF2BBBE-33B0-4F30-A432-07C4197E5052}.Release|Any CPU.Build.0 = Release|Any CPU
		{27DDC4E7-C05F-49B0-9BD6-06740B8A7D43}.Debug|Any CPU.ActiveCfg = Debug|Any CPU
		{27DDC4E7-C05F-49B0-9BD6-06740B8A7D43}.Debug|Any CPU.Build.0 = Debug|Any CPU
		{27DDC4E7-C05F-49B0-9BD6-06740B8A7D43}.Release|Any CPU.ActiveCfg = Release|Any CPU
		{27DDC4E7-C05F-49B0-9BD6-06740B8A7D43}.Release|Any CPU.Build.0 = Release|Any CPU
		{853C078C-B0ED-43D6-B026-0360509A2A37}.Debug|Any CPU.ActiveCfg = Debug|Any CPU
		{853C078C-B0ED-43D6-B026-0360509A2A37}.Debug|Any CPU.Build.0 = Debug|Any CPU
		{853C078C-B0ED-43D6-B026-0360509A2A37}.Release|Any CPU.ActiveCfg = Release|Any CPU
		{853C078C-B0ED-43D6-B026-0360509A2A37}.Release|Any CPU.Build.0 = Release|Any CPU
		{A991CDD1-57F7-4610-B8CD-130DCEC9F0C3}.Debug|Any CPU.ActiveCfg = Debug|Any CPU
		{A991CDD1-57F7-4610-B8CD-130DCEC9F0C3}.Debug|Any CPU.Build.0 = Debug|Any CPU
		{A991CDD1-57F7-4610-B8CD-130DCEC9F0C3}.Release|Any CPU.ActiveCfg = Release|Any CPU
		{A991CDD1-57F7-4610-B8CD-130DCEC9F0C3}.Release|Any CPU.Build.0 = Release|Any CPU
		{950441A3-B639-4EA0-AAD7-D4E061E5A56A}.Debug|Any CPU.ActiveCfg = Debug|Any CPU
		{950441A3-B639-4EA0-AAD7-D4E061E5A56A}.Debug|Any CPU.Build.0 = Debug|Any CPU
		{950441A3-B639-4EA0-AAD7-D4E061E5A56A}.Release|Any CPU.ActiveCfg = Release|Any CPU
		{950441A3-B639-4EA0-AAD7-D4E061E5A56A}.Release|Any CPU.Build.0 = Release|Any CPU
		{7BA5276C-69E5-4F48-B376-5A52A5F42A4D}.Debug|Any CPU.ActiveCfg = Debug|Any CPU
		{7BA5276C-69E5-4F48-B376-5A52A5F42A4D}.Debug|Any CPU.Build.0 = Debug|Any CPU
		{7BA5276C-69E5-4F48-B376-5A52A5F42A4D}.Release|Any CPU.ActiveCfg = Release|Any CPU
		{7BA5276C-69E5-4F48-B376-5A52A5F42A4D}.Release|Any CPU.Build.0 = Release|Any CPU
		{1F72ECCB-CC97-4BC9-82BF-472BFE1EC7AA}.Debug|Any CPU.ActiveCfg = Debug|Any CPU
		{1F72ECCB-CC97-4BC9-82BF-472BFE1EC7AA}.Debug|Any CPU.Build.0 = Debug|Any CPU
		{1F72ECCB-CC97-4BC9-82BF-472BFE1EC7AA}.Release|Any CPU.ActiveCfg = Release|Any CPU
		{1F72ECCB-CC97-4BC9-82BF-472BFE1EC7AA}.Release|Any CPU.Build.0 = Release|Any CPU
		{F665F563-C5FA-45C0-BC14-CDE6864237BC}.Debug|Any CPU.ActiveCfg = Debug|Any CPU
		{F665F563-C5FA-45C0-BC14-CDE6864237BC}.Debug|Any CPU.Build.0 = Debug|Any CPU
		{F665F563-C5FA-45C0-BC14-CDE6864237BC}.Release|Any CPU.ActiveCfg = Release|Any CPU
		{F665F563-C5FA-45C0-BC14-CDE6864237BC}.Release|Any CPU.Build.0 = Release|Any CPU
		{D2E14856-E1AC-4590-8DBB-9C795941AE2E}.Debug|Any CPU.ActiveCfg = Debug|Any CPU
		{D2E14856-E1AC-4590-8DBB-9C795941AE2E}.Debug|Any CPU.Build.0 = Debug|Any CPU
		{D2E14856-E1AC-4590-8DBB-9C795941AE2E}.Release|Any CPU.ActiveCfg = Release|Any CPU
		{D2E14856-E1AC-4590-8DBB-9C795941AE2E}.Release|Any CPU.Build.0 = Release|Any CPU
		{541123E2-235A-437E-8B13-6A934C2C7862}.Debug|Any CPU.ActiveCfg = Debug|Any CPU
		{541123E2-235A-437E-8B13-6A934C2C7862}.Debug|Any CPU.Build.0 = Debug|Any CPU
		{541123E2-235A-437E-8B13-6A934C2C7862}.Release|Any CPU.ActiveCfg = Release|Any CPU
		{541123E2-235A-437E-8B13-6A934C2C7862}.Release|Any CPU.Build.0 = Release|Any CPU
		{82B9F0C0-8E74-41E5-9E5B-9D52DDE24232}.Debug|Any CPU.ActiveCfg = Debug|Any CPU
		{82B9F0C0-8E74-41E5-9E5B-9D52DDE24232}.Debug|Any CPU.Build.0 = Debug|Any CPU
		{82B9F0C0-8E74-41E5-9E5B-9D52DDE24232}.Release|Any CPU.ActiveCfg = Release|Any CPU
		{82B9F0C0-8E74-41E5-9E5B-9D52DDE24232}.Release|Any CPU.Build.0 = Release|Any CPU
		{551479C3-2E96-4908-8010-7FC3BE33805E}.Debug|Any CPU.ActiveCfg = Debug|Any CPU
		{551479C3-2E96-4908-8010-7FC3BE33805E}.Debug|Any CPU.Build.0 = Debug|Any CPU
		{551479C3-2E96-4908-8010-7FC3BE33805E}.Release|Any CPU.ActiveCfg = Release|Any CPU
		{551479C3-2E96-4908-8010-7FC3BE33805E}.Release|Any CPU.Build.0 = Release|Any CPU
		{CD6FED07-49E7-4A60-B9F9-7A40176E408B}.Debug|Any CPU.ActiveCfg = Debug|Any CPU
		{CD6FED07-49E7-4A60-B9F9-7A40176E408B}.Debug|Any CPU.Build.0 = Debug|Any CPU
		{CD6FED07-49E7-4A60-B9F9-7A40176E408B}.Release|Any CPU.ActiveCfg = Release|Any CPU
		{CD6FED07-49E7-4A60-B9F9-7A40176E408B}.Release|Any CPU.Build.0 = Release|Any CPU
		{9C1D4B1C-C981-4083-811F-45D3C6C7EA38}.Debug|Any CPU.ActiveCfg = Debug|Any CPU
		{9C1D4B1C-C981-4083-811F-45D3C6C7EA38}.Debug|Any CPU.Build.0 = Debug|Any CPU
		{9C1D4B1C-C981-4083-811F-45D3C6C7EA38}.Release|Any CPU.ActiveCfg = Release|Any CPU
		{9C1D4B1C-C981-4083-811F-45D3C6C7EA38}.Release|Any CPU.Build.0 = Release|Any CPU
		{71771FBD-E302-4C4A-9EDF-E6EC6B0D695D}.Debug|Any CPU.ActiveCfg = Debug|Any CPU
		{71771FBD-E302-4C4A-9EDF-E6EC6B0D695D}.Debug|Any CPU.Build.0 = Debug|Any CPU
		{71771FBD-E302-4C4A-9EDF-E6EC6B0D695D}.Release|Any CPU.ActiveCfg = Release|Any CPU
		{71771FBD-E302-4C4A-9EDF-E6EC6B0D695D}.Release|Any CPU.Build.0 = Release|Any CPU
		{38BBAA92-F6D5-4D01-A9BF-A21DA130820E}.Debug|Any CPU.ActiveCfg = Debug|Any CPU
		{38BBAA92-F6D5-4D01-A9BF-A21DA130820E}.Debug|Any CPU.Build.0 = Debug|Any CPU
		{38BBAA92-F6D5-4D01-A9BF-A21DA130820E}.Release|Any CPU.ActiveCfg = Release|Any CPU
		{38BBAA92-F6D5-4D01-A9BF-A21DA130820E}.Release|Any CPU.Build.0 = Release|Any CPU
		{EA040B63-B342-421D-97B9-9D2E302B7028}.Debug|Any CPU.ActiveCfg = Debug|Any CPU
		{EA040B63-B342-421D-97B9-9D2E302B7028}.Debug|Any CPU.Build.0 = Debug|Any CPU
		{EA040B63-B342-421D-97B9-9D2E302B7028}.Release|Any CPU.ActiveCfg = Release|Any CPU
		{EA040B63-B342-421D-97B9-9D2E302B7028}.Release|Any CPU.Build.0 = Release|Any CPU
		{9A2B66FE-4932-4C6C-A5FA-E7DE9BF3B28A}.Debug|Any CPU.ActiveCfg = Debug|Any CPU
		{9A2B66FE-4932-4C6C-A5FA-E7DE9BF3B28A}.Debug|Any CPU.Build.0 = Debug|Any CPU
		{9A2B66FE-4932-4C6C-A5FA-E7DE9BF3B28A}.Release|Any CPU.ActiveCfg = Release|Any CPU
		{9A2B66FE-4932-4C6C-A5FA-E7DE9BF3B28A}.Release|Any CPU.Build.0 = Release|Any CPU
	EndGlobalSection
	GlobalSection(SolutionProperties) = preSolution
		HideSolutionNode = FALSE
	EndGlobalSection
	GlobalSection(NestedProjects) = preSolution
		{FF4EA7BF-0E82-476B-A3C3-F32F110070C2} = {055E5685-6A4F-47D5-B015-674780D9B917}
		{216983C6-01FF-4BAB-B14C-DFA68D067993} = {6B233ECC-3EC6-421B-A85B-8D334A9F586C}
		{DE0C05B3-A496-499B-BBE8-39292163EDA6} = {6B233ECC-3EC6-421B-A85B-8D334A9F586C}
		{5D68111D-55FD-4F03-AD84-61F7D8BCB772} = {6B233ECC-3EC6-421B-A85B-8D334A9F586C}
		{04AAF071-A06A-4BB5-AB5D-50C48DF2A40A} = {6B233ECC-3EC6-421B-A85B-8D334A9F586C}
		{87FFABA6-A350-43A1-8B10-8ECAEE7170AE} = {6B233ECC-3EC6-421B-A85B-8D334A9F586C}
		{68A135D9-F02A-482A-AA18-929603C9A263} = {6B233ECC-3EC6-421B-A85B-8D334A9F586C}
		{3A97DBEE-4318-4201-9E4B-E2CA824E1FBF} = {1B2115C2-B91F-4A21-AB74-F6E773D09904}
		{04650D2A-CAC5-4250-AC76-5F0C10E7D919} = {207637AB-66F2-43A0-86EE-E89B8001154B}
		{9E2A6CF6-C9B3-45C9-AB22-B43AF6F10D5F} = {207637AB-66F2-43A0-86EE-E89B8001154B}
		{D783056F-EE97-4524-8702-086A9EE6A54C} = {207637AB-66F2-43A0-86EE-E89B8001154B}
		{C4DD7A8A-131E-4391-81A9-7CAFE21A3C59} = {207637AB-66F2-43A0-86EE-E89B8001154B}
		{8E3D4E60-FB9E-44B2-91FB-4860A7671CC9} = {D261CC4C-F0A3-441D-845D-760C242343D9}
		{AFC9C105-F367-4CDB-B923-B2EBF50516F8} = {D261CC4C-F0A3-441D-845D-760C242343D9}
		{C06F41AB-457B-42DF-AF94-97B707E52A9F} = {D261CC4C-F0A3-441D-845D-760C242343D9}
		{229484AF-A978-4595-AC1D-EAE3B958AEBF} = {D261CC4C-F0A3-441D-845D-760C242343D9}
		{3009A44E-86B3-4735-A670-0A1AB6A6D5DE} = {D261CC4C-F0A3-441D-845D-760C242343D9}
		{2843D6B0-A7A2-4147-A974-033A7EC21E9E} = {D261CC4C-F0A3-441D-845D-760C242343D9}
		{888C1959-F113-4C3A-A2E1-B86ED2EF76C6} = {D261CC4C-F0A3-441D-845D-760C242343D9}
		{571C37BC-974D-4EAF-B9DC-E8C52C2F8F4A} = {11613461-C2A1-4DD8-801D-73C61C15735F}
		{C46F3CE2-1BC1-4316-BC64-AE3362DCD904} = {11613461-C2A1-4DD8-801D-73C61C15735F}
		{7AD16796-DDB6-4526-AAB8-E40C69525F90} = {11613461-C2A1-4DD8-801D-73C61C15735F}
		{BB11625F-6B90-4691-A6F2-D223139F0D81} = {11613461-C2A1-4DD8-801D-73C61C15735F}
		{44EA526A-F391-4181-958E-E3FA188E08B1} = {11613461-C2A1-4DD8-801D-73C61C15735F}
		{B567413E-3A6D-477B-8CC8-CB2FC0819778} = {11613461-C2A1-4DD8-801D-73C61C15735F}
		{E84B6996-083C-4385-9063-0C79182E8C59} = {11613461-C2A1-4DD8-801D-73C61C15735F}
		{DCC19212-22AC-4DA4-812B-95FC97798E85} = {11613461-C2A1-4DD8-801D-73C61C15735F}
		{5A7263D9-F64B-4949-A29B-0024E559985A} = {11613461-C2A1-4DD8-801D-73C61C15735F}
		{8223824F-1BED-48B9-84A9-812BED2E8F3D} = {11613461-C2A1-4DD8-801D-73C61C15735F}
		{DAB067CA-E727-417F-9004-ADC2E783E057} = {11613461-C2A1-4DD8-801D-73C61C15735F}
		{2A130CFA-B351-449E-8EF7-5A79E94A7DE3} = {B3794374-75AB-4B05-8FEE-7E4DC327A9FF}
		{6BABF7ED-F6ED-4A07-A63A-11313F960860} = {B3794374-75AB-4B05-8FEE-7E4DC327A9FF}
		{0D945AA5-07EC-4CF4-B8AB-E44BBA8C9331} = {B3794374-75AB-4B05-8FEE-7E4DC327A9FF}
		{481743E6-9E5E-49DD-8C98-DA050FD2D3FB} = {B625087A-F3B5-4320-846B-F49B41494952}
		{C8BB29C6-5692-4699-A864-2BA509BC2D45} = {B625087A-F3B5-4320-846B-F49B41494952}
		{E046BF04-CDF5-4EC2-B37F-405681AC0D60} = {708C3EAC-F2B8-4322-9D61-62C2C3638E2E}
		{EFAA4699-CAE5-42A3-A961-DBA018D6730F} = {708C3EAC-F2B8-4322-9D61-62C2C3638E2E}
		{5DB51012-1E09-4853-8F92-AD2EAADB1369} = {708C3EAC-F2B8-4322-9D61-62C2C3638E2E}
		{0014DD66-FEC9-47ED-AE39-B47E3A69C710} = {708C3EAC-F2B8-4322-9D61-62C2C3638E2E}
		{3DAFBA93-6FFB-4DF1-8C43-DC892F92BD7D} = {708C3EAC-F2B8-4322-9D61-62C2C3638E2E}
		{B0B5D2AF-E963-4DE4-9F82-1B2F9B920CEE} = {DABCEFC2-01EC-40C9-A1CB-9347B69255E0}
		{DD0C4DE5-177D-47A1-A588-EC809E4FBF96} = {DABCEFC2-01EC-40C9-A1CB-9347B69255E0}
		{576FBE8C-C14C-49B8-B3B6-0EA11014DCC5} = {DABCEFC2-01EC-40C9-A1CB-9347B69255E0}
		{9EEFD069-713F-4B17-A968-BDBA4DB6388C} = {DABCEFC2-01EC-40C9-A1CB-9347B69255E0}
		{2CF2BBBE-33B0-4F30-A432-07C4197E5052} = {DABCEFC2-01EC-40C9-A1CB-9347B69255E0}
		{27DDC4E7-C05F-49B0-9BD6-06740B8A7D43} = {AACFD3EA-4C1C-44A9-B77E-C4958704653F}
		{853C078C-B0ED-43D6-B026-0360509A2A37} = {AACFD3EA-4C1C-44A9-B77E-C4958704653F}
		{A991CDD1-57F7-4610-B8CD-130DCEC9F0C3} = {7F387F30-1C18-4DAE-88E6-8AA1C0C5762F}
		{950441A3-B639-4EA0-AAD7-D4E061E5A56A} = {7F387F30-1C18-4DAE-88E6-8AA1C0C5762F}
		{7BA5276C-69E5-4F48-B376-5A52A5F42A4D} = {7F387F30-1C18-4DAE-88E6-8AA1C0C5762F}
		{1F72ECCB-CC97-4BC9-82BF-472BFE1EC7AA} = {7F387F30-1C18-4DAE-88E6-8AA1C0C5762F}
		{F665F563-C5FA-45C0-BC14-CDE6864237BC} = {7F387F30-1C18-4DAE-88E6-8AA1C0C5762F}
		{D2E14856-E1AC-4590-8DBB-9C795941AE2E} = {06CE2FF6-27DA-429B-970E-732BF173D180}
		{541123E2-235A-437E-8B13-6A934C2C7862} = {06CE2FF6-27DA-429B-970E-732BF173D180}
		{82B9F0C0-8E74-41E5-9E5B-9D52DDE24232} = {06CE2FF6-27DA-429B-970E-732BF173D180}
		{551479C3-2E96-4908-8010-7FC3BE33805E} = {BC3118BD-364A-43A1-863E-BAD95EBC3C9D}
		{CD6FED07-49E7-4A60-B9F9-7A40176E408B} = {BC3118BD-364A-43A1-863E-BAD95EBC3C9D}
		{9C1D4B1C-C981-4083-811F-45D3C6C7EA38} = {BC3118BD-364A-43A1-863E-BAD95EBC3C9D}
		{71771FBD-E302-4C4A-9EDF-E6EC6B0D695D} = {7A347C00-A39C-42C2-90F1-DFEEEEFF3D3C}
		{38BBAA92-F6D5-4D01-A9BF-A21DA130820E} = {7A347C00-A39C-42C2-90F1-DFEEEEFF3D3C}
		{EA040B63-B342-421D-97B9-9D2E302B7028} = {7A347C00-A39C-42C2-90F1-DFEEEEFF3D3C}
		{9A2B66FE-4932-4C6C-A5FA-E7DE9BF3B28A} = {7A347C00-A39C-42C2-90F1-DFEEEEFF3D3C}
	EndGlobalSection
	GlobalSection(ExtensibilityGlobals) = postSolution
		SolutionGuid = {AE33F6D5-D632-4D42-B072-9C36E0A00D1C}
	EndGlobalSection
EndGlobal
