
Microsoft Visual Studio Solution File, Format Version 12.00
# Visual Studio Version 16
VisualStudioVersion = 16.0.30309.148
MinimumVisualStudioVersion = 10.0.40219.1
Project("{FAE04EC0-301F-11D3-BF4B-00C04F79EFBC}") = "CalculatorApp", "CalculatorApp\CalculatorApp.csproj", "{9E6C7A06-18C1-4522-8015-14D4CEF5CC06}"
EndProject
Project("{FAE04EC0-301F-11D3-BF4B-00C04F79EFBC}") = "CaculatorApp.Test", "CaculatorApp.Test\CaculatorApp.Test.csproj", "{0766308A-F5AE-451C-A731-25B52682241C}"
EndProject
Global
	GlobalSection(SolutionConfigurationPlatforms) = preSolution
		Debug|Any CPU = Debug|Any CPU
		Release|Any CPU = Release|Any CPU
	EndGlobalSection
	GlobalSection(ProjectConfigurationPlatforms) = postSolution
		{9E6C7A06-18C1-4522-8015-14D4CEF5CC06}.Debug|Any CPU.ActiveCfg = Debug|Any CPU
		{9E6C7A06-18C1-4522-8015-14D4CEF5CC06}.Debug|Any CPU.Build.0 = Debug|Any CPU
		{9E6C7A06-18C1-4522-8015-14D4CEF5CC06}.Release|Any CPU.ActiveCfg = Release|Any CPU
		{9E6C7A06-18C1-4522-8015-14D4CEF5CC06}.Release|Any CPU.Build.0 = Release|Any CPU
		{0766308A-F5AE-451C-A731-25B52682241C}.Debug|Any CPU.ActiveCfg = Debug|Any CPU
		{0766308A-F5AE-451C-A731-25B52682241C}.Debug|Any CPU.Build.0 = Debug|Any CPU
		{0766308A-F5AE-451C-A731-25B52682241C}.Release|Any CPU.ActiveCfg = Release|Any CPU
		{0766308A-F5AE-451C-A731-25B52682241C}.Release|Any CPU.Build.0 = Release|Any CPU
	EndGlobalSection
	GlobalSection(SolutionProperties) = preSolution
		HideSolutionNode = FALSE
	EndGlobalSection
	GlobalSection(ExtensibilityGlobals) = postSolution
		SolutionGuid = {2DA035F1-2A9A-4CDB-BACC-0E6D23459CAE}
	EndGlobalSection
EndGlobal
